
Microsoft Visual Studio Solution File, Format Version 12.00
# Visual Studio 15
VisualStudioVersion = 15.0.27428.2037
MinimumVisualStudioVersion = 10.0.40219.1
Project("{FAE04EC0-301F-11D3-BF4B-00C04F79EFBC}") = "Multi-platform Translation", "Multi-platform Translation\Multi-platform Translation.csproj", "{53882C72-317D-4B36-A959-FCFD35741FD4}"
EndProject
Project("{FAE04EC0-301F-11D3-BF4B-00C04F79EFBC}") = "TranslationUtil", "TranslationUtil\TranslationUtil.csproj", "{54BE18E4-4FAF-4C5D-93B0-8E696E7E576E}"
EndProject
Global
	GlobalSection(SolutionConfigurationPlatforms) = preSolution
		Debug|Any CPU = Debug|Any CPU
		Release|Any CPU = Release|Any CPU
	EndGlobalSection
	GlobalSection(ProjectConfigurationPlatforms) = postSolution
		{53882C72-317D-4B36-A959-FCFD35741FD4}.Debug|Any CPU.ActiveCfg = Debug|Any CPU
		{53882C72-317D-4B36-A959-FCFD35741FD4}.Debug|Any CPU.Build.0 = Debug|Any CPU
		{53882C72-317D-4B36-A959-FCFD35741FD4}.Release|Any CPU.ActiveCfg = Release|Any CPU
		{53882C72-317D-4B36-A959-FCFD35741FD4}.Release|Any CPU.Build.0 = Release|Any CPU
		{54BE18E4-4FAF-4C5D-93B0-8E696E7E576E}.Debug|Any CPU.ActiveCfg = Debug|Any CPU
		{54BE18E4-4FAF-4C5D-93B0-8E696E7E576E}.Debug|Any CPU.Build.0 = Debug|Any CPU
		{54BE18E4-4FAF-4C5D-93B0-8E696E7E576E}.Release|Any CPU.ActiveCfg = Release|Any CPU
		{54BE18E4-4FAF-4C5D-93B0-8E696E7E576E}.Release|Any CPU.Build.0 = Release|Any CPU
	EndGlobalSection
	GlobalSection(SolutionProperties) = preSolution
		HideSolutionNode = FALSE
	EndGlobalSection
	GlobalSection(ExtensibilityGlobals) = postSolution
		SolutionGuid = {353EE741-20CF-48D6-8537-54A6F5E85710}
	EndGlobalSection
EndGlobal
